
Microsoft Visual Studio Solution File, Format Version 12.00
# Visual Studio Version 17
VisualStudioVersion = 17.6.33815.320
MinimumVisualStudioVersion = 10.0.40219.1
Project("{FAE04EC0-301F-11D3-BF4B-00C04F79EFBC}") = "UniversalShoppingSystem", "UniversalShoppingSystem.csproj", "{5D9DEA0D-2775-4316-8E09-C01628852E62}"
EndProject
Global
	GlobalSection(SolutionConfigurationPlatforms) = preSolution
		Debug|Any CPU = Debug|Any CPU
		Release|Any CPU = Release|Any CPU
	EndGlobalSection
	GlobalSection(ProjectConfigurationPlatforms) = postSolution
		{5D9DEA0D-2775-4316-8E09-C01628852E62}.Debug|Any CPU.ActiveCfg = Debug|Any CPU
		{5D9DEA0D-2775-4316-8E09-C01628852E62}.Debug|Any CPU.Build.0 = Debug|Any CPU
		{5D9DEA0D-2775-4316-8E09-C01628852E62}.Release|Any CPU.ActiveCfg = Release|Any CPU
		{5D9DEA0D-2775-4316-8E09-C01628852E62}.Release|Any CPU.Build.0 = Release|Any CPU
	EndGlobalSection
	GlobalSection(SolutionProperties) = preSolution
		HideSolutionNode = FALSE
	EndGlobalSection
	GlobalSection(ExtensibilityGlobals) = postSolution
		SolutionGuid = {2BBF8FB8-F35A-479A-9298-722FA6DC589A}
	EndGlobalSection
EndGlobal
